
Microsoft Visual Studio Solution File, Format Version 12.00
# Visual Studio Version 16
VisualStudioVersion = 16.0.30114.105
MinimumVisualStudioVersion = 10.0.40219.1
Project("{FAE04EC0-301F-11D3-BF4B-00C04F79EFBC}") = "EmployeeRegisterDB", "EmployeeRegisterDB\EmployeeRegisterDB.csproj", "{D4790326-CB18-4DFE-A4AE-8DC887C1FA07}"
EndProject
Project("{FAE04EC0-301F-11D3-BF4B-00C04F79EFBC}") = "EmployeeRegisterDB-Tests", "EmployeeRegisterDB-Tests\EmployeeRegisterDB-Tests.csproj", "{43F0F5E2-ADF9-4DC2-83BC-286CE9F6E558}"
EndProject
Global
	GlobalSection(SolutionConfigurationPlatforms) = preSolution
		Debug|Any CPU = Debug|Any CPU
		Release|Any CPU = Release|Any CPU
	EndGlobalSection
	GlobalSection(SolutionProperties) = preSolution
		HideSolutionNode = FALSE
	EndGlobalSection
	GlobalSection(ProjectConfigurationPlatforms) = postSolution
		{D4790326-CB18-4DFE-A4AE-8DC887C1FA07}.Debug|Any CPU.ActiveCfg = Debug|Any CPU
		{D4790326-CB18-4DFE-A4AE-8DC887C1FA07}.Debug|Any CPU.Build.0 = Debug|Any CPU
		{D4790326-CB18-4DFE-A4AE-8DC887C1FA07}.Release|Any CPU.ActiveCfg = Release|Any CPU
		{D4790326-CB18-4DFE-A4AE-8DC887C1FA07}.Release|Any CPU.Build.0 = Release|Any CPU
		{43F0F5E2-ADF9-4DC2-83BC-286CE9F6E558}.Debug|Any CPU.ActiveCfg = Debug|Any CPU
		{43F0F5E2-ADF9-4DC2-83BC-286CE9F6E558}.Debug|Any CPU.Build.0 = Debug|Any CPU
		{43F0F5E2-ADF9-4DC2-83BC-286CE9F6E558}.Release|Any CPU.ActiveCfg = Release|Any CPU
		{43F0F5E2-ADF9-4DC2-83BC-286CE9F6E558}.Release|Any CPU.Build.0 = Release|Any CPU
	EndGlobalSection
EndGlobal
